
Microsoft Visual Studio Solution File, Format Version 12.00
# Visual Studio Version 17
VisualStudioVersion = 17.8.34330.188
MinimumVisualStudioVersion = 10.0.40219.1
Project("{FAE04EC0-301F-11D3-BF4B-00C04F79EFBC}") = "API_HotelBeachSA", "API_HotelBeachSA.csproj", "{7A2A4092-491D-4208-96F4-225D85598D8E}"
EndProject
Global
	GlobalSection(SolutionConfigurationPlatforms) = preSolution
		Debug|Any CPU = Debug|Any CPU
		Release|Any CPU = Release|Any CPU
	EndGlobalSection
	GlobalSection(ProjectConfigurationPlatforms) = postSolution
		{7A2A4092-491D-4208-96F4-225D85598D8E}.Debug|Any CPU.ActiveCfg = Debug|Any CPU
		{7A2A4092-491D-4208-96F4-225D85598D8E}.Debug|Any CPU.Build.0 = Debug|Any CPU
		{7A2A4092-491D-4208-96F4-225D85598D8E}.Release|Any CPU.ActiveCfg = Release|Any CPU
		{7A2A4092-491D-4208-96F4-225D85598D8E}.Release|Any CPU.Build.0 = Release|Any CPU
	EndGlobalSection
	GlobalSection(SolutionProperties) = preSolution
		HideSolutionNode = FALSE
	EndGlobalSection
	GlobalSection(ExtensibilityGlobals) = postSolution
		SolutionGuid = {77100B52-3759-4792-9E7D-8A1E2D6EB3DD}
	EndGlobalSection
EndGlobal
